// !$*UTF8*$!
{
	archiveVersion = 1;
	classes = {
	};
	objectVersion = 55;
	objects = {

/* Begin PBXBuildFile section */
		11F7149FBFEA0D0049E9896F /* Pods_UpgradeiOSTests.framework in Frameworks */ = {isa = PBXBuildFile; fileRef = B78D29ED927E8BF33ED2F3D4 /* Pods_UpgradeiOSTests.framework */; };
		8515966629A85DD300A6DEB0 /* SplashController.m in Sources */ = {isa = PBXBuildFile; fileRef = 8515966529A85DD300A6DEB0 /* SplashController.m */; };
		8515966B29A8634B00A6DEB0 /* DateUtil.m in Sources */ = {isa = PBXBuildFile; fileRef = 8515966A29A8634B00A6DEB0 /* DateUtil.m */; };
		8515966F29A867E900A6DEB0 /* R.m in Sources */ = {isa = PBXBuildFile; fileRef = 8515966E29A867E900A6DEB0 /* R.m */; };
		85E1D73A29A7337D001728F8 /* AppDelegate.m in Sources */ = {isa = PBXBuildFile; fileRef = 85E1D73929A7337D001728F8 /* AppDelegate.m */; };
		85E1D74029A7337D001728F8 /* ViewController.m in Sources */ = {isa = PBXBuildFile; fileRef = 85E1D73F29A7337D001728F8 /* ViewController.m */; };
		85E1D74529A73383001728F8 /* Assets.xcassets in Resources */ = {isa = PBXBuildFile; fileRef = 85E1D74429A73383001728F8 /* Assets.xcassets */; };
		85E1D74829A73383001728F8 /* LaunchScreen.storyboard in Resources */ = {isa = PBXBuildFile; fileRef = 85E1D74629A73383001728F8 /* LaunchScreen.storyboard */; };
		85E1D74B29A73383001728F8 /* main.m in Sources */ = {isa = PBXBuildFile; fileRef = 85E1D74A29A73383001728F8 /* main.m */; };
		85E1D75529A73383001728F8 /* UpgradeiOSTests.m in Sources */ = {isa = PBXBuildFile; fileRef = 85E1D75429A73383001728F8 /* UpgradeiOSTests.m */; };
		85E1D75F29A73383001728F8 /* UpgradeiOSUITests.m in Sources */ = {isa = PBXBuildFile; fileRef = 85E1D75E29A73383001728F8 /* UpgradeiOSUITests.m */; };
		85E1D76129A73383001728F8 /* UpgradeiOSUITestsLaunchTests.m in Sources */ = {isa = PBXBuildFile; fileRef = 85E1D76029A73383001728F8 /* UpgradeiOSUITestsLaunchTests.m */; };
		85E1D77229A73506001728F8 /* IndexTableView.m in Sources */ = {isa = PBXBuildFile; fileRef = 85E1D76E29A73505001728F8 /* IndexTableView.m */; };
		85E1D77329A73506001728F8 /* ViewReusablePool.m in Sources */ = {isa = PBXBuildFile; fileRef = 85E1D76F29A73506001728F8 /* ViewReusablePool.m */; };
		85E1D77629A7353D001728F8 /* LetterIndexViewController.m in Sources */ = {isa = PBXBuildFile; fileRef = 85E1D77529A7353D001728F8 /* LetterIndexViewController.m */; };
		85E1D77B29A73C79001728F8 /* BaseController.m in Sources */ = {isa = PBXBuildFile; fileRef = 85E1D77A29A73C79001728F8 /* BaseController.m */; };
		85E1D77E29A73E71001728F8 /* BaseCommonController.m in Sources */ = {isa = PBXBuildFile; fileRef = 85E1D77D29A73E71001728F8 /* BaseCommonController.m */; };
		85E1D78129A74055001728F8 /* BaseLogicController.m in Sources */ = {isa = PBXBuildFile; fileRef = 85E1D78029A74055001728F8 /* BaseLogicController.m */; };
		85E1D78529A78BB0001728F8 /* ModelBaseParam.m in Sources */ = {isa = PBXBuildFile; fileRef = 85E1D78429A78BB0001728F8 /* ModelBaseParam.m */; };
		85E1D78829A78BC5001728F8 /* ModelBaseResult.m in Sources */ = {isa = PBXBuildFile; fileRef = 85E1D78729A78BC5001728F8 /* ModelBaseResult.m */; };
		85E1D78F29A78E88001728F8 /* ModelLetterIndex.m in Sources */ = {isa = PBXBuildFile; fileRef = 85E1D78E29A78E88001728F8 /* ModelLetterIndex.m */; };
		85E1D79729A799F5001728F8 /* ModelLetterBarResult.m in Sources */ = {isa = PBXBuildFile; fileRef = 85E1D79629A799F5001728F8 /* ModelLetterBarResult.m */; };
		85E1D79A29A7A124001728F8 /* ModelBase.m in Sources */ = {isa = PBXBuildFile; fileRef = 85E1D79929A7A124001728F8 /* ModelBase.m */; };
		A10C30AC2585E4A9EADBBCAF /* Pods_UpgradeiOS.framework in Frameworks */ = {isa = PBXBuildFile; fileRef = 91420712A55C526E9CF5B33C /* Pods_UpgradeiOS.framework */; };
		BA25F5DC9FFC4C68060F850E /* Pods_UpgradeiOS_UpgradeiOSUITests.framework in Frameworks */ = {isa = PBXBuildFile; fileRef = FF80B654B5F2891447316C30 /* Pods_UpgradeiOS_UpgradeiOSUITests.framework */; };
/* End PBXBuildFile section */

/* Begin PBXContainerItemProxy section */
		85E1D75129A73383001728F8 /* PBXContainerItemProxy */ = {
			isa = PBXContainerItemProxy;
			containerPortal = 85E1D72D29A7337D001728F8 /* Project object */;
			proxyType = 1;
			remoteGlobalIDString = 85E1D73429A7337D001728F8;
			remoteInfo = UpgradeiOS;
		};
		85E1D75B29A73383001728F8 /* PBXContainerItemProxy */ = {
			isa = PBXContainerItemProxy;
			containerPortal = 85E1D72D29A7337D001728F8 /* Project object */;
			proxyType = 1;
			remoteGlobalIDString = 85E1D73429A7337D001728F8;
			remoteInfo = UpgradeiOS;
		};
/* End PBXContainerItemProxy section */

/* Begin PBXFileReference section */
		078AE5F7CDF9E21A16534702 /* Pods-UpgradeiOS.debug.xcconfig */ = {isa = PBXFileReference; includeInIndex = 1; lastKnownFileType = text.xcconfig; name = "Pods-UpgradeiOS.debug.xcconfig"; path = "Target Support Files/Pods-UpgradeiOS/Pods-UpgradeiOS.debug.xcconfig"; sourceTree = "<group>"; };
		1286C4D584078BE6CAF9A7F5 /* Pods-UpgradeiOS-UpgradeiOSUITests.debug.xcconfig */ = {isa = PBXFileReference; includeInIndex = 1; lastKnownFileType = text.xcconfig; name = "Pods-UpgradeiOS-UpgradeiOSUITests.debug.xcconfig"; path = "Target Support Files/Pods-UpgradeiOS-UpgradeiOSUITests/Pods-UpgradeiOS-UpgradeiOSUITests.debug.xcconfig"; sourceTree = "<group>"; };
		3455E61EF282D9DF76BF1C38 /* Pods-UpgradeiOSTests.debug.xcconfig */ = {isa = PBXFileReference; includeInIndex = 1; lastKnownFileType = text.xcconfig; name = "Pods-UpgradeiOSTests.debug.xcconfig"; path = "Target Support Files/Pods-UpgradeiOSTests/Pods-UpgradeiOSTests.debug.xcconfig"; sourceTree = "<group>"; };
		4B6AD947B38EE26B23E51597 /* Pods-UpgradeiOSTests.release.xcconfig */ = {isa = PBXFileReference; includeInIndex = 1; lastKnownFileType = text.xcconfig; name = "Pods-UpgradeiOSTests.release.xcconfig"; path = "Target Support Files/Pods-UpgradeiOSTests/Pods-UpgradeiOSTests.release.xcconfig"; sourceTree = "<group>"; };
		574E7FCAF1C17687775C6421 /* Pods-UpgradeiOS.release.xcconfig */ = {isa = PBXFileReference; includeInIndex = 1; lastKnownFileType = text.xcconfig; name = "Pods-UpgradeiOS.release.xcconfig"; path = "Target Support Files/Pods-UpgradeiOS/Pods-UpgradeiOS.release.xcconfig"; sourceTree = "<group>"; };
		8515966429A85DD300A6DEB0 /* SplashController.h */ = {isa = PBXFileReference; lastKnownFileType = sourcecode.c.h; path = SplashController.h; sourceTree = "<group>"; };
		8515966529A85DD300A6DEB0 /* SplashController.m */ = {isa = PBXFileReference; lastKnownFileType = sourcecode.c.objc; path = SplashController.m; sourceTree = "<group>"; };
		8515966929A8634B00A6DEB0 /* DateUtil.h */ = {isa = PBXFileReference; lastKnownFileType = sourcecode.c.h; path = DateUtil.h; sourceTree = "<group>"; };
		8515966A29A8634B00A6DEB0 /* DateUtil.m */ = {isa = PBXFileReference; lastKnownFileType = sourcecode.c.objc; path = DateUtil.m; sourceTree = "<group>"; };
		8515966D29A867E900A6DEB0 /* R.h */ = {isa = PBXFileReference; fileEncoding = 4; lastKnownFileType = sourcecode.c.h; path = R.h; sourceTree = SOURCE_ROOT; };
		8515966E29A867E900A6DEB0 /* R.m */ = {isa = PBXFileReference; fileEncoding = 4; lastKnownFileType = sourcecode.c.objc; path = R.m; sourceTree = SOURCE_ROOT; };
		85E1D73529A7337D001728F8 /* UpgradeiOS.app */ = {isa = PBXFileReference; explicitFileType = wrapper.application; includeInIndex = 0; path = UpgradeiOS.app; sourceTree = BUILT_PRODUCTS_DIR; };
		85E1D73829A7337D001728F8 /* AppDelegate.h */ = {isa = PBXFileReference; lastKnownFileType = sourcecode.c.h; path = AppDelegate.h; sourceTree = "<group>"; };
		85E1D73929A7337D001728F8 /* AppDelegate.m */ = {isa = PBXFileReference; lastKnownFileType = sourcecode.c.objc; path = AppDelegate.m; sourceTree = "<group>"; };
		85E1D73E29A7337D001728F8 /* ViewController.h */ = {isa = PBXFileReference; lastKnownFileType = sourcecode.c.h; path = ViewController.h; sourceTree = "<group>"; };
		85E1D73F29A7337D001728F8 /* ViewController.m */ = {isa = PBXFileReference; lastKnownFileType = sourcecode.c.objc; path = ViewController.m; sourceTree = "<group>"; };
		85E1D74429A73383001728F8 /* Assets.xcassets */ = {isa = PBXFileReference; lastKnownFileType = folder.assetcatalog; path = Assets.xcassets; sourceTree = "<group>"; };
		85E1D74729A73383001728F8 /* Base */ = {isa = PBXFileReference; lastKnownFileType = file.storyboard; name = Base; path = Base.lproj/LaunchScreen.storyboard; sourceTree = "<group>"; };
		85E1D74929A73383001728F8 /* Info.plist */ = {isa = PBXFileReference; lastKnownFileType = text.plist.xml; path = Info.plist; sourceTree = "<group>"; };
		85E1D74A29A73383001728F8 /* main.m */ = {isa = PBXFileReference; lastKnownFileType = sourcecode.c.objc; path = main.m; sourceTree = "<group>"; };
		85E1D75029A73383001728F8 /* UpgradeiOSTests.xctest */ = {isa = PBXFileReference; explicitFileType = wrapper.cfbundle; includeInIndex = 0; path = UpgradeiOSTests.xctest; sourceTree = BUILT_PRODUCTS_DIR; };
		85E1D75429A73383001728F8 /* UpgradeiOSTests.m */ = {isa = PBXFileReference; lastKnownFileType = sourcecode.c.objc; path = UpgradeiOSTests.m; sourceTree = "<group>"; };
		85E1D75A29A73383001728F8 /* UpgradeiOSUITests.xctest */ = {isa = PBXFileReference; explicitFileType = wrapper.cfbundle; includeInIndex = 0; path = UpgradeiOSUITests.xctest; sourceTree = BUILT_PRODUCTS_DIR; };
		85E1D75E29A73383001728F8 /* UpgradeiOSUITests.m */ = {isa = PBXFileReference; lastKnownFileType = sourcecode.c.objc; path = UpgradeiOSUITests.m; sourceTree = "<group>"; };
		85E1D76029A73383001728F8 /* UpgradeiOSUITestsLaunchTests.m */ = {isa = PBXFileReference; lastKnownFileType = sourcecode.c.objc; path = UpgradeiOSUITestsLaunchTests.m; sourceTree = "<group>"; };
		85E1D76E29A73505001728F8 /* IndexTableView.m */ = {isa = PBXFileReference; fileEncoding = 4; lastKnownFileType = sourcecode.c.objc; path = IndexTableView.m; sourceTree = "<group>"; };
		85E1D76F29A73506001728F8 /* ViewReusablePool.m */ = {isa = PBXFileReference; fileEncoding = 4; lastKnownFileType = sourcecode.c.objc; path = ViewReusablePool.m; sourceTree = "<group>"; };
		85E1D77029A73506001728F8 /* ViewReusablePool.h */ = {isa = PBXFileReference; fileEncoding = 4; lastKnownFileType = sourcecode.c.h; path = ViewReusablePool.h; sourceTree = "<group>"; };
		85E1D77129A73506001728F8 /* IndexTableView.h */ = {isa = PBXFileReference; fileEncoding = 4; lastKnownFileType = sourcecode.c.h; path = IndexTableView.h; sourceTree = "<group>"; };
		85E1D77429A7353D001728F8 /* LetterIndexViewController.h */ = {isa = PBXFileReference; lastKnownFileType = sourcecode.c.h; path = LetterIndexViewController.h; sourceTree = "<group>"; };
		85E1D77529A7353D001728F8 /* LetterIndexViewController.m */ = {isa = PBXFileReference; lastKnownFileType = sourcecode.c.objc; path = LetterIndexViewController.m; sourceTree = "<group>"; };
		85E1D77929A73C79001728F8 /* BaseController.h */ = {isa = PBXFileReference; lastKnownFileType = sourcecode.c.h; path = BaseController.h; sourceTree = "<group>"; };
		85E1D77A29A73C79001728F8 /* BaseController.m */ = {isa = PBXFileReference; lastKnownFileType = sourcecode.c.objc; path = BaseController.m; sourceTree = "<group>"; };
		85E1D77C29A73E71001728F8 /* BaseCommonController.h */ = {isa = PBXFileReference; lastKnownFileType = sourcecode.c.h; path = BaseCommonController.h; sourceTree = "<group>"; };
		85E1D77D29A73E71001728F8 /* BaseCommonController.m */ = {isa = PBXFileReference; lastKnownFileType = sourcecode.c.objc; path = BaseCommonController.m; sourceTree = "<group>"; };
		85E1D77F29A74055001728F8 /* BaseLogicController.h */ = {isa = PBXFileReference; lastKnownFileType = sourcecode.c.h; path = BaseLogicController.h; sourceTree = "<group>"; };
		85E1D78029A74055001728F8 /* BaseLogicController.m */ = {isa = PBXFileReference; lastKnownFileType = sourcecode.c.objc; path = BaseLogicController.m; sourceTree = "<group>"; };
		85E1D78329A78BB0001728F8 /* ModelBaseParam.h */ = {isa = PBXFileReference; lastKnownFileType = sourcecode.c.h; path = ModelBaseParam.h; sourceTree = "<group>"; };
		85E1D78429A78BB0001728F8 /* ModelBaseParam.m */ = {isa = PBXFileReference; lastKnownFileType = sourcecode.c.objc; path = ModelBaseParam.m; sourceTree = "<group>"; };
		85E1D78629A78BC5001728F8 /* ModelBaseResult.h */ = {isa = PBXFileReference; lastKnownFileType = sourcecode.c.h; path = ModelBaseResult.h; sourceTree = "<group>"; };
		85E1D78729A78BC5001728F8 /* ModelBaseResult.m */ = {isa = PBXFileReference; lastKnownFileType = sourcecode.c.objc; path = ModelBaseResult.m; sourceTree = "<group>"; };
		85E1D78D29A78E88001728F8 /* ModelLetterIndex.h */ = {isa = PBXFileReference; lastKnownFileType = sourcecode.c.h; path = ModelLetterIndex.h; sourceTree = "<group>"; };
		85E1D78E29A78E88001728F8 /* ModelLetterIndex.m */ = {isa = PBXFileReference; lastKnownFileType = sourcecode.c.objc; path = ModelLetterIndex.m; sourceTree = "<group>"; };
		85E1D79429A79479001728F8 /* DataUpgrade.geojson */ = {isa = PBXFileReference; lastKnownFileType = text; path = DataUpgrade.geojson; sourceTree = "<group>"; };
		85E1D79529A799F5001728F8 /* ModelLetterBarResult.h */ = {isa = PBXFileReference; lastKnownFileType = sourcecode.c.h; path = ModelLetterBarResult.h; sourceTree = "<group>"; };
		85E1D79629A799F5001728F8 /* ModelLetterBarResult.m */ = {isa = PBXFileReference; lastKnownFileType = sourcecode.c.objc; path = ModelLetterBarResult.m; sourceTree = "<group>"; };
		85E1D79829A7A124001728F8 /* ModelBase.h */ = {isa = PBXFileReference; lastKnownFileType = sourcecode.c.h; path = ModelBase.h; sourceTree = "<group>"; };
		85E1D79929A7A124001728F8 /* ModelBase.m */ = {isa = PBXFileReference; lastKnownFileType = sourcecode.c.objc; path = ModelBase.m; sourceTree = "<group>"; };
		91420712A55C526E9CF5B33C /* Pods_UpgradeiOS.framework */ = {isa = PBXFileReference; explicitFileType = wrapper.framework; includeInIndex = 0; path = Pods_UpgradeiOS.framework; sourceTree = BUILT_PRODUCTS_DIR; };
		B78D29ED927E8BF33ED2F3D4 /* Pods_UpgradeiOSTests.framework */ = {isa = PBXFileReference; explicitFileType = wrapper.framework; includeInIndex = 0; path = Pods_UpgradeiOSTests.framework; sourceTree = BUILT_PRODUCTS_DIR; };
		FD2B48D781B137FD56F77AA4 /* Pods-UpgradeiOS-UpgradeiOSUITests.release.xcconfig */ = {isa = PBXFileReference; includeInIndex = 1; lastKnownFileType = text.xcconfig; name = "Pods-UpgradeiOS-UpgradeiOSUITests.release.xcconfig"; path = "Target Support Files/Pods-UpgradeiOS-UpgradeiOSUITests/Pods-UpgradeiOS-UpgradeiOSUITests.release.xcconfig"; sourceTree = "<group>"; };
		FF80B654B5F2891447316C30 /* Pods_UpgradeiOS_UpgradeiOSUITests.framework */ = {isa = PBXFileReference; explicitFileType = wrapper.framework; includeInIndex = 0; path = Pods_UpgradeiOS_UpgradeiOSUITests.framework; sourceTree = BUILT_PRODUCTS_DIR; };
/* End PBXFileReference section */

/* Begin PBXFrameworksBuildPhase section */
		85E1D73229A7337D001728F8 /* Frameworks */ = {
			isa = PBXFrameworksBuildPhase;
			buildActionMask = 2147483647;
			files = (
				A10C30AC2585E4A9EADBBCAF /* Pods_UpgradeiOS.framework in Frameworks */,
			);
			runOnlyForDeploymentPostprocessing = 0;
		};
		85E1D74D29A73383001728F8 /* Frameworks */ = {
			isa = PBXFrameworksBuildPhase;
			buildActionMask = 2147483647;
			files = (
				11F7149FBFEA0D0049E9896F /* Pods_UpgradeiOSTests.framework in Frameworks */,
			);
			runOnlyForDeploymentPostprocessing = 0;
		};
		85E1D75729A73383001728F8 /* Frameworks */ = {
			isa = PBXFrameworksBuildPhase;
			buildActionMask = 2147483647;
			files = (
				BA25F5DC9FFC4C68060F850E /* Pods_UpgradeiOS_UpgradeiOSUITests.framework in Frameworks */,
			);
			runOnlyForDeploymentPostprocessing = 0;
		};
/* End PBXFrameworksBuildPhase section */

/* Begin PBXGroup section */
		770E7BC5C6F3866615EFAE4B /* Pods */ = {
			isa = PBXGroup;
			children = (
				078AE5F7CDF9E21A16534702 /* Pods-UpgradeiOS.debug.xcconfig */,
				574E7FCAF1C17687775C6421 /* Pods-UpgradeiOS.release.xcconfig */,
				1286C4D584078BE6CAF9A7F5 /* Pods-UpgradeiOS-UpgradeiOSUITests.debug.xcconfig */,
				FD2B48D781B137FD56F77AA4 /* Pods-UpgradeiOS-UpgradeiOSUITests.release.xcconfig */,
				3455E61EF282D9DF76BF1C38 /* Pods-UpgradeiOSTests.debug.xcconfig */,
				4B6AD947B38EE26B23E51597 /* Pods-UpgradeiOSTests.release.xcconfig */,
			);
			path = Pods;
			sourceTree = "<group>";
		};
		8515966129A85D5F00A6DEB0 /* 01Component */ = {
			isa = PBXGroup;
			children = (
				8515966229A85D8700A6DEB0 /* 00Splash */,
				85E1D76D29A7344B001728F8 /* 01LetterIndexBar */,
			);
			path = 01Component;
			sourceTree = "<group>";
		};
		8515966229A85D8700A6DEB0 /* 00Splash */ = {
			isa = PBXGroup;
			children = (
				8515966329A85DA800A6DEB0 /* Controller */,
			);
			path = 00Splash;
			sourceTree = "<group>";
		};
		8515966329A85DA800A6DEB0 /* Controller */ = {
			isa = PBXGroup;
			children = (
				8515966429A85DD300A6DEB0 /* SplashController.h */,
				8515966529A85DD300A6DEB0 /* SplashController.m */,
			);
			path = Controller;
			sourceTree = "<group>";
		};
		8515966729A8632C00A6DEB0 /* Vender */ = {
			isa = PBXGroup;
			children = (
				8515966829A8633300A6DEB0 /* Date */,
			);
			path = Vender;
			sourceTree = "<group>";
		};
		8515966829A8633300A6DEB0 /* Date */ = {
			isa = PBXGroup;
			children = (
				8515966929A8634B00A6DEB0 /* DateUtil.h */,
				8515966A29A8634B00A6DEB0 /* DateUtil.m */,
			);
			path = Date;
			sourceTree = "<group>";
		};
		85E1D72C29A7337D001728F8 = {
			isa = PBXGroup;
			children = (
				85E1D73729A7337D001728F8 /* UpgradeiOS */,
				85E1D75329A73383001728F8 /* UpgradeiOSTests */,
				85E1D75D29A73383001728F8 /* UpgradeiOSUITests */,
				85E1D73629A7337D001728F8 /* Products */,
				770E7BC5C6F3866615EFAE4B /* Pods */,
				B22634B12F846BDAAE1E38A8 /* Frameworks */,
			);
			sourceTree = "<group>";
		};
		85E1D73629A7337D001728F8 /* Products */ = {
			isa = PBXGroup;
			children = (
				85E1D73529A7337D001728F8 /* UpgradeiOS.app */,
				85E1D75029A73383001728F8 /* UpgradeiOSTests.xctest */,
				85E1D75A29A73383001728F8 /* UpgradeiOSUITests.xctest */,
			);
			name = Products;
			sourceTree = "<group>";
		};
		85E1D73729A7337D001728F8 /* UpgradeiOS */ = {
			isa = PBXGroup;
			children = (
				85E1D77729A73C47001728F8 /* 00Base */,
				8515966129A85D5F00A6DEB0 /* 01Component */,
				85E1D73829A7337D001728F8 /* AppDelegate.h */,
				85E1D73929A7337D001728F8 /* AppDelegate.m */,
				85E1D73E29A7337D001728F8 /* ViewController.h */,
				85E1D73F29A7337D001728F8 /* ViewController.m */,
				85E1D74429A73383001728F8 /* Assets.xcassets */,
				85E1D74629A73383001728F8 /* LaunchScreen.storyboard */,
				85E1D74929A73383001728F8 /* Info.plist */,
				85E1D74A29A73383001728F8 /* main.m */,
				8515966D29A867E900A6DEB0 /* R.h */,
				8515966E29A867E900A6DEB0 /* R.m */,
			);
			path = UpgradeiOS;
			sourceTree = "<group>";
		};
		85E1D75329A73383001728F8 /* UpgradeiOSTests */ = {
			isa = PBXGroup;
			children = (
				85E1D75429A73383001728F8 /* UpgradeiOSTests.m */,
			);
			path = UpgradeiOSTests;
			sourceTree = "<group>";
		};
		85E1D75D29A73383001728F8 /* UpgradeiOSUITests */ = {
			isa = PBXGroup;
			children = (
				85E1D75E29A73383001728F8 /* UpgradeiOSUITests.m */,
				85E1D76029A73383001728F8 /* UpgradeiOSUITestsLaunchTests.m */,
			);
			path = UpgradeiOSUITests;
			sourceTree = "<group>";
		};
		85E1D76D29A7344B001728F8 /* 01LetterIndexBar */ = {
			isa = PBXGroup;
			children = (
				85E1D79029A7938C001728F8 /* Data */,
				85E1D78B29A78E39001728F8 /* Model */,
				85E1D78A29A78E21001728F8 /* View */,
				85E1D78929A78D44001728F8 /* Controller */,
				85E1D78C29A78E45001728F8 /* Logic */,
			);
			path = 01LetterIndexBar;
			sourceTree = "<group>";
		};
		85E1D77729A73C47001728F8 /* 00Base */ = {
			isa = PBXGroup;
			children = (
				8515966729A8632C00A6DEB0 /* Vender */,
				85E1D79129A793DD001728F8 /* Data */,
				85E1D78229A78942001728F8 /* Models */,
				85E1D77829A73C56001728F8 /* Controllers */,
			);
			path = 00Base;
			sourceTree = "<group>";
		};
		85E1D77829A73C56001728F8 /* Controllers */ = {
			isa = PBXGroup;
			children = (
				85E1D77929A73C79001728F8 /* BaseController.h */,
				85E1D77A29A73C79001728F8 /* BaseController.m */,
				85E1D77C29A73E71001728F8 /* BaseCommonController.h */,
				85E1D77D29A73E71001728F8 /* BaseCommonController.m */,
				85E1D77F29A74055001728F8 /* BaseLogicController.h */,
				85E1D78029A74055001728F8 /* BaseLogicController.m */,
			);
			path = Controllers;
			sourceTree = "<group>";
		};
		85E1D78229A78942001728F8 /* Models */ = {
			isa = PBXGroup;
			children = (
				85E1D79829A7A124001728F8 /* ModelBase.h */,
				85E1D79929A7A124001728F8 /* ModelBase.m */,
				85E1D78329A78BB0001728F8 /* ModelBaseParam.h */,
				85E1D78429A78BB0001728F8 /* ModelBaseParam.m */,
				85E1D78629A78BC5001728F8 /* ModelBaseResult.h */,
				85E1D78729A78BC5001728F8 /* ModelBaseResult.m */,
			);
			path = Models;
			sourceTree = "<group>";
		};
		85E1D78929A78D44001728F8 /* Controller */ = {
			isa = PBXGroup;
			children = (
				85E1D77429A7353D001728F8 /* LetterIndexViewController.h */,
				85E1D77529A7353D001728F8 /* LetterIndexViewController.m */,
			);
			path = Controller;
			sourceTree = "<group>";
		};
		85E1D78A29A78E21001728F8 /* View */ = {
			isa = PBXGroup;
			children = (
				85E1D77129A73506001728F8 /* IndexTableView.h */,
				85E1D76E29A73505001728F8 /* IndexTableView.m */,
			);
			path = View;
			sourceTree = "<group>";
		};
		85E1D78B29A78E39001728F8 /* Model */ = {
			isa = PBXGroup;
			children = (
				85E1D78D29A78E88001728F8 /* ModelLetterIndex.h */,
				85E1D78E29A78E88001728F8 /* ModelLetterIndex.m */,
				85E1D79529A799F5001728F8 /* ModelLetterBarResult.h */,
				85E1D79629A799F5001728F8 /* ModelLetterBarResult.m */,
			);
			path = Model;
			sourceTree = "<group>";
		};
		85E1D78C29A78E45001728F8 /* Logic */ = {
			isa = PBXGroup;
			children = (
				85E1D77029A73506001728F8 /* ViewReusablePool.h */,
				85E1D76F29A73506001728F8 /* ViewReusablePool.m */,
			);
			path = Logic;
			sourceTree = "<group>";
		};
		85E1D79029A7938C001728F8 /* Data */ = {
			isa = PBXGroup;
			children = (
			);
			path = Data;
			sourceTree = "<group>";
		};
		85E1D79129A793DD001728F8 /* Data */ = {
			isa = PBXGroup;
			children = (
				85E1D79429A79479001728F8 /* DataUpgrade.geojson */,
			);
			path = Data;
			sourceTree = "<group>";
		};
		B22634B12F846BDAAE1E38A8 /* Frameworks */ = {
			isa = PBXGroup;
			children = (
				91420712A55C526E9CF5B33C /* Pods_UpgradeiOS.framework */,
				FF80B654B5F2891447316C30 /* Pods_UpgradeiOS_UpgradeiOSUITests.framework */,
				B78D29ED927E8BF33ED2F3D4 /* Pods_UpgradeiOSTests.framework */,
			);
			name = Frameworks;
			sourceTree = "<group>";
		};
/* End PBXGroup section */

/* Begin PBXNativeTarget section */
		85E1D73429A7337D001728F8 /* UpgradeiOS */ = {
			isa = PBXNativeTarget;
			buildConfigurationList = 85E1D76429A73383001728F8 /* Build configuration list for PBXNativeTarget "UpgradeiOS" */;
			buildPhases = (
				53FAF26006A0CCE587590C5E /* [CP] Check Pods Manifest.lock */,
				8515966C29A8677F00A6DEB0 /* ShellScript */,
				85E1D73129A7337D001728F8 /* Sources */,
				85E1D73229A7337D001728F8 /* Frameworks */,
				85E1D73329A7337D001728F8 /* Resources */,
				061E7BA5AF4B6E2850CC7B65 /* [CP] Embed Pods Frameworks */,
			);
			buildRules = (
			);
			dependencies = (
			);
			name = UpgradeiOS;
			productName = UpgradeiOS;
			productReference = 85E1D73529A7337D001728F8 /* UpgradeiOS.app */;
			productType = "com.apple.product-type.application";
		};
		85E1D74F29A73383001728F8 /* UpgradeiOSTests */ = {
			isa = PBXNativeTarget;
			buildConfigurationList = 85E1D76729A73383001728F8 /* Build configuration list for PBXNativeTarget "UpgradeiOSTests" */;
			buildPhases = (
				349811170CF60BEBBCCAF9C1 /* [CP] Check Pods Manifest.lock */,
				85E1D74C29A73383001728F8 /* Sources */,
				85E1D74D29A73383001728F8 /* Frameworks */,
				85E1D74E29A73383001728F8 /* Resources */,
			);
			buildRules = (
			);
			dependencies = (
				85E1D75229A73383001728F8 /* PBXTargetDependency */,
			);
			name = UpgradeiOSTests;
			productName = UpgradeiOSTests;
			productReference = 85E1D75029A73383001728F8 /* UpgradeiOSTests.xctest */;
			productType = "com.apple.product-type.bundle.unit-test";
		};
		85E1D75929A73383001728F8 /* UpgradeiOSUITests */ = {
			isa = PBXNativeTarget;
			buildConfigurationList = 85E1D76A29A73383001728F8 /* Build configuration list for PBXNativeTarget "UpgradeiOSUITests" */;
			buildPhases = (
				9A8B463D93A15D0B1B3761D8 /* [CP] Check Pods Manifest.lock */,
				85E1D75629A73383001728F8 /* Sources */,
				85E1D75729A73383001728F8 /* Frameworks */,
				85E1D75829A73383001728F8 /* Resources */,
				A7DE5BD9EA94461B42141C69 /* [CP] Embed Pods Frameworks */,
			);
			buildRules = (
			);
			dependencies = (
				85E1D75C29A73383001728F8 /* PBXTargetDependency */,
			);
			name = UpgradeiOSUITests;
			productName = UpgradeiOSUITests;
			productReference = 85E1D75A29A73383001728F8 /* UpgradeiOSUITests.xctest */;
			productType = "com.apple.product-type.bundle.ui-testing";
		};
/* End PBXNativeTarget section */

/* Begin PBXProject section */
		85E1D72D29A7337D001728F8 /* Project object */ = {
			isa = PBXProject;
			attributes = {
				BuildIndependentTargetsInParallel = 1;
				LastUpgradeCheck = 1320;
				TargetAttributes = {
					85E1D73429A7337D001728F8 = {
						CreatedOnToolsVersion = 13.2.1;
					};
					85E1D74F29A73383001728F8 = {
						CreatedOnToolsVersion = 13.2.1;
						TestTargetID = 85E1D73429A7337D001728F8;
					};
					85E1D75929A73383001728F8 = {
						CreatedOnToolsVersion = 13.2.1;
						TestTargetID = 85E1D73429A7337D001728F8;
					};
				};
			};
			buildConfigurationList = 85E1D73029A7337D001728F8 /* Build configuration list for PBXProject "UpgradeiOS" */;
			compatibilityVersion = "Xcode 13.0";
			developmentRegion = en;
			hasScannedForEncodings = 0;
			knownRegions = (
				en,
				Base,
			);
			mainGroup = 85E1D72C29A7337D001728F8;
			productRefGroup = 85E1D73629A7337D001728F8 /* Products */;
			projectDirPath = "";
			projectRoot = "";
			targets = (
				85E1D73429A7337D001728F8 /* UpgradeiOS */,
				85E1D74F29A73383001728F8 /* UpgradeiOSTests */,
				85E1D75929A73383001728F8 /* UpgradeiOSUITests */,
			);
		};
/* End PBXProject section */

/* Begin PBXResourcesBuildPhase section */
		85E1D73329A7337D001728F8 /* Resources */ = {
			isa = PBXResourcesBuildPhase;
			buildActionMask = 2147483647;
			files = (
				85E1D74829A73383001728F8 /* LaunchScreen.storyboard in Resources */,
				85E1D74529A73383001728F8 /* Assets.xcassets in Resources */,
			);
			runOnlyForDeploymentPostprocessing = 0;
		};
		85E1D74E29A73383001728F8 /* Resources */ = {
			isa = PBXResourcesBuildPhase;
			buildActionMask = 2147483647;
			files = (
			);
			runOnlyForDeploymentPostprocessing = 0;
		};
		85E1D75829A73383001728F8 /* Resources */ = {
			isa = PBXResourcesBuildPhase;
			buildActionMask = 2147483647;
			files = (
			);
			runOnlyForDeploymentPostprocessing = 0;
		};
/* End PBXResourcesBuildPhase section */

/* Begin PBXShellScriptBuildPhase section */
		061E7BA5AF4B6E2850CC7B65 /* [CP] Embed Pods Frameworks */ = {
			isa = PBXShellScriptBuildPhase;
			buildActionMask = 2147483647;
			files = (
			);
			inputFileListPaths = (
				"${PODS_ROOT}/Target Support Files/Pods-UpgradeiOS/Pods-UpgradeiOS-frameworks-${CONFIGURATION}-input-files.xcfilelist",
			);
			name = "[CP] Embed Pods Frameworks";
			outputFileListPaths = (
				"${PODS_ROOT}/Target Support Files/Pods-UpgradeiOS/Pods-UpgradeiOS-frameworks-${CONFIGURATION}-output-files.xcfilelist",
			);
			runOnlyForDeploymentPostprocessing = 0;
			shellPath = /bin/sh;
			shellScript = "\"${PODS_ROOT}/Target Support Files/Pods-UpgradeiOS/Pods-UpgradeiOS-frameworks.sh\"\n";
			showEnvVarsInLog = 0;
		};
		349811170CF60BEBBCCAF9C1 /* [CP] Check Pods Manifest.lock */ = {
			isa = PBXShellScriptBuildPhase;
			buildActionMask = 2147483647;
			files = (
			);
			inputFileListPaths = (
			);
			inputPaths = (
				"${PODS_PODFILE_DIR_PATH}/Podfile.lock",
				"${PODS_ROOT}/Manifest.lock",
			);
			name = "[CP] Check Pods Manifest.lock";
			outputFileListPaths = (
			);
			outputPaths = (
				"$(DERIVED_FILE_DIR)/Pods-UpgradeiOSTests-checkManifestLockResult.txt",
			);
			runOnlyForDeploymentPostprocessing = 0;
			shellPath = /bin/sh;
			shellScript = "diff \"${PODS_PODFILE_DIR_PATH}/Podfile.lock\" \"${PODS_ROOT}/Manifest.lock\" > /dev/null\nif [ $? != 0 ] ; then\n    # print error to STDERR\n    echo \"error: The sandbox is not in sync with the Podfile.lock. Run 'pod install' or update your CocoaPods installation.\" >&2\n    exit 1\nfi\n# This output is used by Xcode 'outputs' to avoid re-running this script phase.\necho \"SUCCESS\" > \"${SCRIPT_OUTPUT_FILE_0}\"\n";
			showEnvVarsInLog = 0;
		};
		53FAF26006A0CCE587590C5E /* [CP] Check Pods Manifest.lock */ = {
			isa = PBXShellScriptBuildPhase;
			buildActionMask = 2147483647;
			files = (
			);
			inputFileListPaths = (
			);
			inputPaths = (
				"${PODS_PODFILE_DIR_PATH}/Podfile.lock",
				"${PODS_ROOT}/Manifest.lock",
			);
			name = "[CP] Check Pods Manifest.lock";
			outputFileListPaths = (
			);
			outputPaths = (
				"$(DERIVED_FILE_DIR)/Pods-UpgradeiOS-checkManifestLockResult.txt",
			);
			runOnlyForDeploymentPostprocessing = 0;
			shellPath = /bin/sh;
			shellScript = "diff \"${PODS_PODFILE_DIR_PATH}/Podfile.lock\" \"${PODS_ROOT}/Manifest.lock\" > /dev/null\nif [ $? != 0 ] ; then\n    # print error to STDERR\n    echo \"error: The sandbox is not in sync with the Podfile.lock. Run 'pod install' or update your CocoaPods installation.\" >&2\n    exit 1\nfi\n# This output is used by Xcode 'outputs' to avoid re-running this script phase.\necho \"SUCCESS\" > \"${SCRIPT_OUTPUT_FILE_0}\"\n";
			showEnvVarsInLog = 0;
		};
		8515966C29A8677F00A6DEB0 /* ShellScript */ = {
			isa = PBXShellScriptBuildPhase;
			buildActionMask = 2147483647;
			files = (
			);
			inputFileListPaths = (
			);
			inputPaths = (
			);
			outputFileListPaths = (
			);
			outputPaths = (
			);
			runOnlyForDeploymentPostprocessing = 0;
			shellPath = /bin/sh;
			shellScript = "# Type a script or drag a script file from your workspace to insert its path.\n\"${PODS_ROOT}/R.objc/Robjc\" -p \"$SRCROOT\" --skip-themes\n";
		};
		9A8B463D93A15D0B1B3761D8 /* [CP] Check Pods Manifest.lock */ = {
			isa = PBXShellScriptBuildPhase;
			buildActionMask = 2147483647;
			files = (
			);
			inputFileListPaths = (
			);
			inputPaths = (
				"${PODS_PODFILE_DIR_PATH}/Podfile.lock",
				"${PODS_ROOT}/Manifest.lock",
			);
			name = "[CP] Check Pods Manifest.lock";
			outputFileListPaths = (
			);
			outputPaths = (
				"$(DERIVED_FILE_DIR)/Pods-UpgradeiOS-UpgradeiOSUITests-checkManifestLockResult.txt",
			);
			runOnlyForDeploymentPostprocessing = 0;
			shellPath = /bin/sh;
			shellScript = "diff \"${PODS_PODFILE_DIR_PATH}/Podfile.lock\" \"${PODS_ROOT}/Manifest.lock\" > /dev/null\nif [ $? != 0 ] ; then\n    # print error to STDERR\n    echo \"error: The sandbox is not in sync with the Podfile.lock. Run 'pod install' or update your CocoaPods installation.\" >&2\n    exit 1\nfi\n# This output is used by Xcode 'outputs' to avoid re-running this script phase.\necho \"SUCCESS\" > \"${SCRIPT_OUTPUT_FILE_0}\"\n";
			showEnvVarsInLog = 0;
		};
		A7DE5BD9EA94461B42141C69 /* [CP] Embed Pods Frameworks */ = {
			isa = PBXShellScriptBuildPhase;
			buildActionMask = 2147483647;
			files = (
			);
			inputFileListPaths = (
				"${PODS_ROOT}/Target Support Files/Pods-UpgradeiOS-UpgradeiOSUITests/Pods-UpgradeiOS-UpgradeiOSUITests-frameworks-${CONFIGURATION}-input-files.xcfilelist",
			);
			name = "[CP] Embed Pods Frameworks";
			outputFileListPaths = (
				"${PODS_ROOT}/Target Support Files/Pods-UpgradeiOS-UpgradeiOSUITests/Pods-UpgradeiOS-UpgradeiOSUITests-frameworks-${CONFIGURATION}-output-files.xcfilelist",
			);
			runOnlyForDeploymentPostprocessing = 0;
			shellPath = /bin/sh;
			shellScript = "\"${PODS_ROOT}/Target Support Files/Pods-UpgradeiOS-UpgradeiOSUITests/Pods-UpgradeiOS-UpgradeiOSUITests-frameworks.sh\"\n";
			showEnvVarsInLog = 0;
		};
/* End PBXShellScriptBuildPhase section */

/* Begin PBXSourcesBuildPhase section */
		85E1D73129A7337D001728F8 /* Sources */ = {
			isa = PBXSourcesBuildPhase;
			buildActionMask = 2147483647;
			files = (
				85E1D78829A78BC5001728F8 /* ModelBaseResult.m in Sources */,
				8515966B29A8634B00A6DEB0 /* DateUtil.m in Sources */,
				85E1D77329A73506001728F8 /* ViewReusablePool.m in Sources */,
				85E1D77E29A73E71001728F8 /* BaseCommonController.m in Sources */,
				85E1D78529A78BB0001728F8 /* ModelBaseParam.m in Sources */,
				85E1D79A29A7A124001728F8 /* ModelBase.m in Sources */,
				85E1D77B29A73C79001728F8 /* BaseController.m in Sources */,
				85E1D74029A7337D001728F8 /* ViewController.m in Sources */,
				85E1D78129A74055001728F8 /* BaseLogicController.m in Sources */,
				85E1D73A29A7337D001728F8 /* AppDelegate.m in Sources */,
				85E1D77229A73506001728F8 /* IndexTableView.m in Sources */,
				85E1D74B29A73383001728F8 /* main.m in Sources */,
				85E1D78F29A78E88001728F8 /* ModelLetterIndex.m in Sources */,
				8515966F29A867E900A6DEB0 /* R.m in Sources */,
				8515966629A85DD300A6DEB0 /* SplashController.m in Sources */,
				85E1D79729A799F5001728F8 /* ModelLetterBarResult.m in Sources */,
				85E1D77629A7353D001728F8 /* LetterIndexViewController.m in Sources */,
			);
			runOnlyForDeploymentPostprocessing = 0;
		};
		85E1D74C29A73383001728F8 /* Sources */ = {
			isa = PBXSourcesBuildPhase;
			buildActionMask = 2147483647;
			files = (
				85E1D75529A73383001728F8 /* UpgradeiOSTests.m in Sources */,
			);
			runOnlyForDeploymentPostprocessing = 0;
		};
		85E1D75629A73383001728F8 /* Sources */ = {
			isa = PBXSourcesBuildPhase;
			buildActionMask = 2147483647;
			files = (
				85E1D75F29A73383001728F8 /* UpgradeiOSUITests.m in Sources */,
				85E1D76129A73383001728F8 /* UpgradeiOSUITestsLaunchTests.m in Sources */,
			);
			runOnlyForDeploymentPostprocessing = 0;
		};
/* End PBXSourcesBuildPhase section */

/* Begin PBXTargetDependency section */
		85E1D75229A73383001728F8 /* PBXTargetDependency */ = {
			isa = PBXTargetDependency;
			target = 85E1D73429A7337D001728F8 /* UpgradeiOS */;
			targetProxy = 85E1D75129A73383001728F8 /* PBXContainerItemProxy */;
		};
		85E1D75C29A73383001728F8 /* PBXTargetDependency */ = {
			isa = PBXTargetDependency;
			target = 85E1D73429A7337D001728F8 /* UpgradeiOS */;
			targetProxy = 85E1D75B29A73383001728F8 /* PBXContainerItemProxy */;
		};
/* End PBXTargetDependency section */

/* Begin PBXVariantGroup section */
		85E1D74629A73383001728F8 /* LaunchScreen.storyboard */ = {
			isa = PBXVariantGroup;
			children = (
				85E1D74729A73383001728F8 /* Base */,
			);
			name = LaunchScreen.storyboard;
			sourceTree = "<group>";
		};
/* End PBXVariantGroup section */

/* Begin XCBuildConfiguration section */
		85E1D76229A73383001728F8 /* Debug */ = {
			isa = XCBuildConfiguration;
			buildSettings = {
				ALWAYS_SEARCH_USER_PATHS = NO;
				CLANG_ANALYZER_NONNULL = YES;
				CLANG_ANALYZER_NUMBER_OBJECT_CONVERSION = YES_AGGRESSIVE;
				CLANG_CXX_LANGUAGE_STANDARD = "gnu++17";
				CLANG_CXX_LIBRARY = "libc++";
				CLANG_ENABLE_MODULES = YES;
				CLANG_ENABLE_OBJC_ARC = YES;
				CLANG_ENABLE_OBJC_WEAK = YES;
				CLANG_WARN_BLOCK_CAPTURE_AUTORELEASING = YES;
				CLANG_WARN_BOOL_CONVERSION = YES;
				CLANG_WARN_COMMA = YES;
				CLANG_WARN_CONSTANT_CONVERSION = YES;
				CLANG_WARN_DEPRECATED_OBJC_IMPLEMENTATIONS = YES;
				CLANG_WARN_DIRECT_OBJC_ISA_USAGE = YES_ERROR;
				CLANG_WARN_DOCUMENTATION_COMMENTS = YES;
				CLANG_WARN_EMPTY_BODY = YES;
				CLANG_WARN_ENUM_CONVERSION = YES;
				CLANG_WARN_INFINITE_RECURSION = YES;
				CLANG_WARN_INT_CONVERSION = YES;
				CLANG_WARN_NON_LITERAL_NULL_CONVERSION = YES;
				CLANG_WARN_OBJC_IMPLICIT_RETAIN_SELF = YES;
				CLANG_WARN_OBJC_LITERAL_CONVERSION = YES;
				CLANG_WARN_OBJC_ROOT_CLASS = YES_ERROR;
				CLANG_WARN_QUOTED_INCLUDE_IN_FRAMEWORK_HEADER = YES;
				CLANG_WARN_RANGE_LOOP_ANALYSIS = YES;
				CLANG_WARN_STRICT_PROTOTYPES = YES;
				CLANG_WARN_SUSPICIOUS_MOVE = YES;
				CLANG_WARN_UNGUARDED_AVAILABILITY = YES_AGGRESSIVE;
				CLANG_WARN_UNREACHABLE_CODE = YES;
				CLANG_WARN__DUPLICATE_METHOD_MATCH = YES;
				COPY_PHASE_STRIP = NO;
				DEBUG_INFORMATION_FORMAT = dwarf;
				ENABLE_STRICT_OBJC_MSGSEND = YES;
				ENABLE_TESTABILITY = YES;
				GCC_C_LANGUAGE_STANDARD = gnu11;
				GCC_DYNAMIC_NO_PIC = NO;
				GCC_NO_COMMON_BLOCKS = YES;
				GCC_OPTIMIZATION_LEVEL = 0;
				GCC_PREPROCESSOR_DEFINITIONS = (
					"DEBUG=1",
					"$(inherited)",
				);
				GCC_WARN_64_TO_32_BIT_CONVERSION = YES;
				GCC_WARN_ABOUT_RETURN_TYPE = YES_ERROR;
				GCC_WARN_UNDECLARED_SELECTOR = YES;
				GCC_WARN_UNINITIALIZED_AUTOS = YES_AGGRESSIVE;
				GCC_WARN_UNUSED_FUNCTION = YES;
				GCC_WARN_UNUSED_VARIABLE = YES;
				IPHONEOS_DEPLOYMENT_TARGET = 15.2;
				MTL_ENABLE_DEBUG_INFO = INCLUDE_SOURCE;
				MTL_FAST_MATH = YES;
				ONLY_ACTIVE_ARCH = YES;
				SDKROOT = iphoneos;
			};
			name = Debug;
		};
		85E1D76329A73383001728F8 /* Release */ = {
			isa = XCBuildConfiguration;
			buildSettings = {
				ALWAYS_SEARCH_USER_PATHS = NO;
				CLANG_ANALYZER_NONNULL = YES;
				CLANG_ANALYZER_NUMBER_OBJECT_CONVERSION = YES_AGGRESSIVE;
				CLANG_CXX_LANGUAGE_STANDARD = "gnu++17";
				CLANG_CXX_LIBRARY = "libc++";
				CLANG_ENABLE_MODULES = YES;
				CLANG_ENABLE_OBJC_ARC = YES;
				CLANG_ENABLE_OBJC_WEAK = YES;
				CLANG_WARN_BLOCK_CAPTURE_AUTORELEASING = YES;
				CLANG_WARN_BOOL_CONVERSION = YES;
				CLANG_WARN_COMMA = YES;
				CLANG_WARN_CONSTANT_CONVERSION = YES;
				CLANG_WARN_DEPRECATED_OBJC_IMPLEMENTATIONS = YES;
				CLANG_WARN_DIRECT_OBJC_ISA_USAGE = YES_ERROR;
				CLANG_WARN_DOCUMENTATION_COMMENTS = YES;
				CLANG_WARN_EMPTY_BODY = YES;
				CLANG_WARN_ENUM_CONVERSION = YES;
				CLANG_WARN_INFINITE_RECURSION = YES;
				CLANG_WARN_INT_CONVERSION = YES;
				CLANG_WARN_NON_LITERAL_NULL_CONVERSION = YES;
				CLANG_WARN_OBJC_IMPLICIT_RETAIN_SELF = YES;
				CLANG_WARN_OBJC_LITERAL_CONVERSION = YES;
				CLANG_WARN_OBJC_ROOT_CLASS = YES_ERROR;
				CLANG_WARN_QUOTED_INCLUDE_IN_FRAMEWORK_HEADER = YES;
				CLANG_WARN_RANGE_LOOP_ANALYSIS = YES;
				CLANG_WARN_STRICT_PROTOTYPES = YES;
				CLANG_WARN_SUSPICIOUS_MOVE = YES;
				CLANG_WARN_UNGUARDED_AVAILABILITY = YES_AGGRESSIVE;
				CLANG_WARN_UNREACHABLE_CODE = YES;
				CLANG_WARN__DUPLICATE_METHOD_MATCH = YES;
				COPY_PHASE_STRIP = NO;
				DEBUG_INFORMATION_FORMAT = "dwarf-with-dsym";
				ENABLE_NS_ASSERTIONS = NO;
				ENABLE_STRICT_OBJC_MSGSEND = YES;
				GCC_C_LANGUAGE_STANDARD = gnu11;
				GCC_NO_COMMON_BLOCKS = YES;
				GCC_WARN_64_TO_32_BIT_CONVERSION = YES;
				GCC_WARN_ABOUT_RETURN_TYPE = YES_ERROR;
				GCC_WARN_UNDECLARED_SELECTOR = YES;
				GCC_WARN_UNINITIALIZED_AUTOS = YES_AGGRESSIVE;
				GCC_WARN_UNUSED_FUNCTION = YES;
				GCC_WARN_UNUSED_VARIABLE = YES;
				IPHONEOS_DEPLOYMENT_TARGET = 15.2;
				MTL_ENABLE_DEBUG_INFO = NO;
				MTL_FAST_MATH = YES;
				SDKROOT = iphoneos;
				VALIDATE_PRODUCT = YES;
			};
			name = Release;
		};
		85E1D76529A73383001728F8 /* Debug */ = {
			isa = XCBuildConfiguration;
			baseConfigurationReference = 078AE5F7CDF9E21A16534702 /* Pods-UpgradeiOS.debug.xcconfig */;
			buildSettings = {
				ASSETCATALOG_COMPILER_APPICON_NAME = AppIcon;
				ASSETCATALOG_COMPILER_GLOBAL_ACCENT_COLOR_NAME = AccentColor;
				CODE_SIGN_STYLE = Automatic;
				CURRENT_PROJECT_VERSION = 1;
				GENERATE_INFOPLIST_FILE = YES;
				INFOPLIST_FILE = UpgradeiOS/Info.plist;
				INFOPLIST_KEY_UIApplicationSupportsIndirectInputEvents = YES;
				INFOPLIST_KEY_UILaunchStoryboardName = LaunchScreen;
				INFOPLIST_KEY_UISupportedInterfaceOrientations_iPad = "UIInterfaceOrientationPortrait UIInterfaceOrientationPortraitUpsideDown UIInterfaceOrientationLandscapeLeft UIInterfaceOrientationLandscapeRight";
				INFOPLIST_KEY_UISupportedInterfaceOrientations_iPhone = "UIInterfaceOrientationPortrait UIInterfaceOrientationLandscapeLeft UIInterfaceOrientationLandscapeRight";
				LD_RUNPATH_SEARCH_PATHS = (
					"$(inherited)",
					"@executable_path/Frameworks",
				);
				MARKETING_VERSION = 1.0;
				PRODUCT_BUNDLE_IDENTIFIER = com.GKing.UpgradeiOS;
				PRODUCT_NAME = "$(TARGET_NAME)";
				SWIFT_EMIT_LOC_STRINGS = YES;
				TARGETED_DEVICE_FAMILY = "1,2";
			};
			name = Debug;
		};
		85E1D76629A73383001728F8 /* Release */ = {
			isa = XCBuildConfiguration;
			baseConfigurationReference = 574E7FCAF1C17687775C6421 /* Pods-UpgradeiOS.release.xcconfig */;
			buildSettings = {
				ASSETCATALOG_COMPILER_APPICON_NAME = AppIcon;
				ASSETCATALOG_COMPILER_GLOBAL_ACCENT_COLOR_NAME = AccentColor;
				CODE_SIGN_STYLE = Automatic;
				CURRENT_PROJECT_VERSION = 1;
				GENERATE_INFOPLIST_FILE = YES;
				INFOPLIST_FILE = UpgradeiOS/Info.plist;
				INFOPLIST_KEY_UIApplicationSupportsIndirectInputEvents = YES;
				INFOPLIST_KEY_UILaunchStoryboardName = LaunchScreen;
				INFOPLIST_KEY_UISupportedInterfaceOrientations_iPad = "UIInterfaceOrientationPortrait UIInterfaceOrientationPortraitUpsideDown UIInterfaceOrientationLandscapeLeft UIInterfaceOrientationLandscapeRight";
				INFOPLIST_KEY_UISupportedInterfaceOrientations_iPhone = "UIInterfaceOrientationPortrait UIInterfaceOrientationLandscapeLeft UIInterfaceOrientationLandscapeRight";
				LD_RUNPATH_SEARCH_PATHS = (
					"$(inherited)",
					"@executable_path/Frameworks",
				);
				MARKETING_VERSION = 1.0;
				PRODUCT_BUNDLE_IDENTIFIER = com.GKing.UpgradeiOS;
				PRODUCT_NAME = "$(TARGET_NAME)";
				SWIFT_EMIT_LOC_STRINGS = YES;
				TARGETED_DEVICE_FAMILY = "1,2";
			};
			name = Release;
		};
		85E1D76829A73383001728F8 /* Debug */ = {
			isa = XCBuildConfiguration;
			baseConfigurationReference = 3455E61EF282D9DF76BF1C38 /* Pods-UpgradeiOSTests.debug.xcconfig */;
			buildSettings = {
				BUNDLE_LOADER = "$(TEST_HOST)";
				CODE_SIGN_STYLE = Automatic;
				CURRENT_PROJECT_VERSION = 1;
				GENERATE_INFOPLIST_FILE = YES;
				IPHONEOS_DEPLOYMENT_TARGET = 15.2;
				MARKETING_VERSION = 1.0;
				PRODUCT_BUNDLE_IDENTIFIER = com.GKing.UpgradeiOSTests;
				PRODUCT_NAME = "$(TARGET_NAME)";
				SWIFT_EMIT_LOC_STRINGS = NO;
				TARGETED_DEVICE_FAMILY = "1,2";
				TEST_HOST = "$(BUILT_PRODUCTS_DIR)/UpgradeiOS.app/UpgradeiOS";
			};
			name = Debug;
		};
		85E1D76929A73383001728F8 /* Release */ = {
			isa = XCBuildConfiguration;
			baseConfigurationReference = 4B6AD947B38EE26B23E51597 /* Pods-UpgradeiOSTests.release.xcconfig */;
			buildSettings = {
				BUNDLE_LOADER = "$(TEST_HOST)";
				CODE_SIGN_STYLE = Automatic;
				CURRENT_PROJECT_VERSION = 1;
				GENERATE_INFOPLIST_FILE = YES;
				IPHONEOS_DEPLOYMENT_TARGET = 15.2;
				MARKETING_VERSION = 1.0;
				PRODUCT_BUNDLE_IDENTIFIER = com.GKing.UpgradeiOSTests;
				PRODUCT_NAME = "$(TARGET_NAME)";
				SWIFT_EMIT_LOC_STRINGS = NO;
				TARGETED_DEVICE_FAMILY = "1,2";
				TEST_HOST = "$(BUILT_PRODUCTS_DIR)/UpgradeiOS.app/UpgradeiOS";
			};
			name = Release;
		};
		85E1D76B29A73383001728F8 /* Debug */ = {
			isa = XCBuildConfiguration;
			baseConfigurationReference = 1286C4D584078BE6CAF9A7F5 /* Pods-UpgradeiOS-UpgradeiOSUITests.debug.xcconfig */;
			buildSettings = {
				CODE_SIGN_STYLE = Automatic;
				CURRENT_PROJECT_VERSION = 1;
				GENERATE_INFOPLIST_FILE = YES;
				MARKETING_VERSION = 1.0;
				PRODUCT_BUNDLE_IDENTIFIER = com.GKing.UpgradeiOSUITests;
				PRODUCT_NAME = "$(TARGET_NAME)";
				SWIFT_EMIT_LOC_STRINGS = NO;
				TARGETED_DEVICE_FAMILY = "1,2";
				TEST_TARGET_NAME = UpgradeiOS;
			};
			name = Debug;
		};
		85E1D76C29A73383001728F8 /* Release */ = {
			isa = XCBuildConfiguration;
			baseConfigurationReference = FD2B48D781B137FD56F77AA4 /* Pods-UpgradeiOS-UpgradeiOSUITests.release.xcconfig */;
			buildSettings = {
				CODE_SIGN_STYLE = Automatic;
				CURRENT_PROJECT_VERSION = 1;
				GENERATE_INFOPLIST_FILE = YES;
				MARKETING_VERSION = 1.0;
				PRODUCT_BUNDLE_IDENTIFIER = com.GKing.UpgradeiOSUITests;
				PRODUCT_NAME = "$(TARGET_NAME)";
				SWIFT_EMIT_LOC_STRINGS = NO;
				TARGETED_DEVICE_FAMILY = "1,2";
				TEST_TARGET_NAME = UpgradeiOS;
			};
			name = Release;
		};
/* End XCBuildConfiguration section */

/* Begin XCConfigurationList section */
		85E1D73029A7337D001728F8 /* Build configuration list for PBXProject "UpgradeiOS" */ = {
			isa = XCConfigurationList;
			buildConfigurations = (
				85E1D76229A73383001728F8 /* Debug */,
				85E1D76329A73383001728F8 /* Release */,
			);
			defaultConfigurationIsVisible = 0;
			defaultConfigurationName = Release;
		};
		85E1D76429A73383001728F8 /* Build configuration list for PBXNativeTarget "UpgradeiOS" */ = {
			isa = XCConfigurationList;
			buildConfigurations = (
				85E1D76529A73383001728F8 /* Debug */,
				85E1D76629A73383001728F8 /* Release */,
			);
			defaultConfigurationIsVisible = 0;
			defaultConfigurationName = Release;
		};
		85E1D76729A73383001728F8 /* Build configuration list for PBXNativeTarget "UpgradeiOSTests" */ = {
			isa = XCConfigurationList;
			buildConfigurations = (
				85E1D76829A73383001728F8 /* Debug */,
				85E1D76929A73383001728F8 /* Release */,
			);
			defaultConfigurationIsVisible = 0;
			defaultConfigurationName = Release;
		};
		85E1D76A29A73383001728F8 /* Build configuration list for PBXNativeTarget "UpgradeiOSUITests" */ = {
			isa = XCConfigurationList;
			buildConfigurations = (
				85E1D76B29A73383001728F8 /* Debug */,
				85E1D76C29A73383001728F8 /* Release */,
			);
			defaultConfigurationIsVisible = 0;
			defaultConfigurationName = Release;
		};
/* End XCConfigurationList section */
	};
	rootObject = 85E1D72D29A7337D001728F8 /* Project object */;
}
